
Microsoft Visual Studio Solution File, Format Version 12.00
Project("{FAE04EC0-301F-11D3-BF4B-00C04F79EFBC}") = "WebClient", "WebClient\WebClient.csproj", "{12E4D7AB-743F-45F4-9359-2CFF404F6FAD}"
EndProject
Global
	GlobalSection(SolutionConfigurationPlatforms) = preSolution
		Debug|Any CPU = Debug|Any CPU
		Release|Any CPU = Release|Any CPU
	EndGlobalSection
	GlobalSection(ProjectConfigurationPlatforms) = postSolution
		{12E4D7AB-743F-45F4-9359-2CFF404F6FAD}.Debug|Any CPU.ActiveCfg = Debug|Any CPU
		{12E4D7AB-743F-45F4-9359-2CFF404F6FAD}.Debug|Any CPU.Build.0 = Debug|Any CPU
		{12E4D7AB-743F-45F4-9359-2CFF404F6FAD}.Release|Any CPU.ActiveCfg = Release|Any CPU
		{12E4D7AB-743F-45F4-9359-2CFF404F6FAD}.Release|Any CPU.Build.0 = Release|Any CPU
	EndGlobalSection
EndGlobal
